2
git https://github.com/truemedian/zfetch commit-5a7ce5811ee19fb959b41c718018f461f45611d4
git https://github.com/truemedian/hzzp commit-bf5aaf224e94561e035a631c3c40fbf02faa27d2
git https://github.com/nektro/iguanaTLS commit-09d9fe92f329484536dfb2b07cfa8b406151cde4
git https://github.com/MasterQ32/zig-uri commit-e879df3a236869f92298fbe2db3c25e6e84cfd4c
